
Microsoft Visual Studio Solution File, Format Version 12.00
# Visual Studio Version 16
VisualStudioVersion = 16.0.29926.136
MinimumVisualStudioVersion = 10.0.40219.1
Project("{FAE04EC0-301F-11D3-BF4B-00C04F79EFBC}") = "ObjectPool.Test", "ObjectPool.Test\ObjectPool.Test.csproj", "{B1292F41-83DC-49CC-9061-F805E8BE795C}"
EndProject
Global
	GlobalSection(SolutionConfigurationPlatforms) = preSolution
		Debug|Any CPU = Debug|Any CPU
		Release|Any CPU = Release|Any CPU
	EndGlobalSection
	GlobalSection(ProjectConfigurationPlatforms) = postSolution
		{B1292F41-83DC-49CC-9061-F805E8BE795C}.Debug|Any CPU.ActiveCfg = Debug|Any CPU
		{B1292F41-83DC-49CC-9061-F805E8BE795C}.Debug|Any CPU.Build.0 = Debug|Any CPU
		{B1292F41-83DC-49CC-9061-F805E8BE795C}.Release|Any CPU.ActiveCfg = Release|Any CPU
		{B1292F41-83DC-49CC-9061-F805E8BE795C}.Release|Any CPU.Build.0 = Release|Any CPU
	EndGlobalSection
	GlobalSection(SolutionProperties) = preSolution
		HideSolutionNode = FALSE
	EndGlobalSection
	GlobalSection(ExtensibilityGlobals) = postSolution
		SolutionGuid = {69463689-C2F4-4708-9D12-AE9FEB8F3228}
	EndGlobalSection
EndGlobal
