
Microsoft Visual Studio Solution File, Format Version 12.00
# Visual Studio Version 16
VisualStudioVersion = 16.0.29926.136
MinimumVisualStudioVersion = 10.0.40219.1
Project("{FAE04EC0-301F-11D3-BF4B-00C04F79EFBC}") = "OptionsPractice", "OptionsPractice.csproj", "{2F56CF37-E1E2-4123-8408-7C4B51D5B98A}"
EndProject
Global
	GlobalSection(SolutionConfigurationPlatforms) = preSolution
		Debug|Any CPU = Debug|Any CPU
		Release|Any CPU = Release|Any CPU
	EndGlobalSection
	GlobalSection(ProjectConfigurationPlatforms) = postSolution
		{2F56CF37-E1E2-4123-8408-7C4B51D5B98A}.Debug|Any CPU.ActiveCfg = Debug|Any CPU
		{2F56CF37-E1E2-4123-8408-7C4B51D5B98A}.Debug|Any CPU.Build.0 = Debug|Any CPU
		{2F56CF37-E1E2-4123-8408-7C4B51D5B98A}.Release|Any CPU.ActiveCfg = Release|Any CPU
		{2F56CF37-E1E2-4123-8408-7C4B51D5B98A}.Release|Any CPU.Build.0 = Release|Any CPU
	EndGlobalSection
	GlobalSection(SolutionProperties) = preSolution
		HideSolutionNode = FALSE
	EndGlobalSection
	GlobalSection(ExtensibilityGlobals) = postSolution
		SolutionGuid = {736CF61A-1505-4E02-85CD-88BAED7F799E}
	EndGlobalSection
EndGlobal
