
Microsoft Visual Studio Solution File, Format Version 12.00
# Visual Studio Version 16
VisualStudioVersion = 16.0.29926.136
MinimumVisualStudioVersion = 10.0.40219.1
Project("{FAE04EC0-301F-11D3-BF4B-00C04F79EFBC}") = "BinLogConsumer", "BinLogConsumer\BinLogConsumer.csproj", "{0372A17E-EEB8-47EA-BC2A-4327B858924B}"
EndProject
Global
	GlobalSection(SolutionConfigurationPlatforms) = preSolution
		Debug|Any CPU = Debug|Any CPU
		Release|Any CPU = Release|Any CPU
	EndGlobalSection
	GlobalSection(ProjectConfigurationPlatforms) = postSolution
		{0372A17E-EEB8-47EA-BC2A-4327B858924B}.Debug|Any CPU.ActiveCfg = Debug|Any CPU
		{0372A17E-EEB8-47EA-BC2A-4327B858924B}.Debug|Any CPU.Build.0 = Debug|Any CPU
		{0372A17E-EEB8-47EA-BC2A-4327B858924B}.Release|Any CPU.ActiveCfg = Release|Any CPU
		{0372A17E-EEB8-47EA-BC2A-4327B858924B}.Release|Any CPU.Build.0 = Release|Any CPU
	EndGlobalSection
	GlobalSection(SolutionProperties) = preSolution
		HideSolutionNode = FALSE
	EndGlobalSection
	GlobalSection(ExtensibilityGlobals) = postSolution
		SolutionGuid = {C2587C4A-3BFE-492D-8249-B64BF102F898}
	EndGlobalSection
EndGlobal
