
Microsoft Visual Studio Solution File, Format Version 12.00
# Visual Studio Version 16
VisualStudioVersion = 16.0.29926.136
MinimumVisualStudioVersion = 10.0.40219.1
Project("{FAE04EC0-301F-11D3-BF4B-00C04F79EFBC}") = "RESTMongo", "RESTMongo\RESTMongo.csproj", "{AC50BC22-B000-490C-9590-EE7BA95CC8BD}"
EndProject
Project("{FAE04EC0-301F-11D3-BF4B-00C04F79EFBC}") = "RESTMongo.Web", "RESTMongo.Web\RESTMongo.Web.csproj", "{A8061D5B-F8DC-40EC-9B23-A57CCF1CAA82}"
EndProject
Global
	GlobalSection(SolutionConfigurationPlatforms) = preSolution
		Debug|Any CPU = Debug|Any CPU
		Release|Any CPU = Release|Any CPU
	EndGlobalSection
	GlobalSection(ProjectConfigurationPlatforms) = postSolution
		{AC50BC22-B000-490C-9590-EE7BA95CC8BD}.Debug|Any CPU.ActiveCfg = Debug|Any CPU
		{AC50BC22-B000-490C-9590-EE7BA95CC8BD}.Debug|Any CPU.Build.0 = Debug|Any CPU
		{AC50BC22-B000-490C-9590-EE7BA95CC8BD}.Release|Any CPU.ActiveCfg = Release|Any CPU
		{AC50BC22-B000-490C-9590-EE7BA95CC8BD}.Release|Any CPU.Build.0 = Release|Any CPU
		{A8061D5B-F8DC-40EC-9B23-A57CCF1CAA82}.Debug|Any CPU.ActiveCfg = Debug|Any CPU
		{A8061D5B-F8DC-40EC-9B23-A57CCF1CAA82}.Debug|Any CPU.Build.0 = Debug|Any CPU
		{A8061D5B-F8DC-40EC-9B23-A57CCF1CAA82}.Release|Any CPU.ActiveCfg = Release|Any CPU
		{A8061D5B-F8DC-40EC-9B23-A57CCF1CAA82}.Release|Any CPU.Build.0 = Release|Any CPU
	EndGlobalSection
	GlobalSection(SolutionProperties) = preSolution
		HideSolutionNode = FALSE
	EndGlobalSection
	GlobalSection(ExtensibilityGlobals) = postSolution
		SolutionGuid = {7089C83D-E37B-411F-9149-78B0B4BF60A5}
	EndGlobalSection
EndGlobal
